
Microsoft Visual Studio Solution File, Format Version 12.00
# Visual Studio Version 16
VisualStudioVersion = 16.0.29613.14
MinimumVisualStudioVersion = 10.0.40219.1
Project("{FAE04EC0-301F-11D3-BF4B-00C04F79EFBC}") = "TipCalculator", "TipCalculator\TipCalculator.csproj", "{04B931AA-738A-4326-8488-D074A3532763}"
EndProject
Global
	GlobalSection(SolutionConfigurationPlatforms) = preSolution
		Debug|Any CPU = Debug|Any CPU
		Release|Any CPU = Release|Any CPU
	EndGlobalSection
	GlobalSection(ProjectConfigurationPlatforms) = postSolution
		{04B931AA-738A-4326-8488-D074A3532763}.Debug|Any CPU.ActiveCfg = Debug|Any CPU
		{04B931AA-738A-4326-8488-D074A3532763}.Debug|Any CPU.Build.0 = Debug|Any CPU
		{04B931AA-738A-4326-8488-D074A3532763}.Debug|Any CPU.Deploy.0 = Debug|Any CPU
		{04B931AA-738A-4326-8488-D074A3532763}.Release|Any CPU.ActiveCfg = Release|Any CPU
		{04B931AA-738A-4326-8488-D074A3532763}.Release|Any CPU.Build.0 = Release|Any CPU
		{04B931AA-738A-4326-8488-D074A3532763}.Release|Any CPU.Deploy.0 = Release|Any CPU
	EndGlobalSection
	GlobalSection(SolutionProperties) = preSolution
		HideSolutionNode = FALSE
	EndGlobalSection
	GlobalSection(ExtensibilityGlobals) = postSolution
		SolutionGuid = {76F45C0A-CE14-405F-9180-9EA1C1C2CBFC}
	EndGlobalSection
EndGlobal
